
Microsoft Visual Studio Solution File, Format Version 12.00
# Visual Studio Version 17
VisualStudioVersion = 17.2.32616.157
MinimumVisualStudioVersion = 10.0.40219.1
Project("{2150E333-8FDC-42A3-9474-1A3956D46DE8}") = "Microservices", "Microservices", "{68ECF151-D941-4F5C-9968-A8BCA7234C97}"
EndProject
Project("{2150E333-8FDC-42A3-9474-1A3956D46DE8}") = "Infrastructure.InversionOfControl", "Infrastructure.InversionOfControl", "{D595509E-CFF5-4FFF-869B-5FA3FE763C6D}"
EndProject
Project("{2150E333-8FDC-42A3-9474-1A3956D46DE8}") = "Presentation", "Presentation", "{8CC3EB68-0564-427F-80CD-3C135A0CA815}"
EndProject
Project("{9A19103F-16F7-4668-BE54-9A1E7A4F7556}") = "MicroRabbit.Infrastructure.InversionOfControl", "MicroRabbit.Infrastructure.InversionOfControl\MicroRabbit.Infrastructure.InversionOfControl.csproj", "{3CF2DDBB-947B-4FDD-A0C2-48F5D6A4FBFB}"
EndProject
Project("{2150E333-8FDC-42A3-9474-1A3956D46DE8}") = "Banking", "Banking", "{4708597B-27C3-4064-AB06-86E12A330422}"
EndProject
Project("{2150E333-8FDC-42A3-9474-1A3956D46DE8}") = "Api", "Api", "{ED795CA1-C0A4-481F-98AA-9ADD646E801D}"
EndProject
Project("{2150E333-8FDC-42A3-9474-1A3956D46DE8}") = "Domain", "Domain", "{E996474A-6B51-4A55-9DCC-5C14DC96E890}"
EndProject
Project("{2150E333-8FDC-42A3-9474-1A3956D46DE8}") = "Application", "Application", "{F3E4507A-C7ED-4ECE-95A2-5DDD250A80B1}"
EndProject
Project("{2150E333-8FDC-42A3-9474-1A3956D46DE8}") = "Data", "Data", "{F7E78DF8-F2A9-45EE-8672-F129D9183CEF}"
EndProject
Project("{9A19103F-16F7-4668-BE54-9A1E7A4F7556}") = "MicroRabbit.Banking.Api", "MicroRabbit.Banking.Api\MicroRabbit.Banking.Api.csproj", "{85B45F81-2D3F-4F0B-A46D-96CC1260C446}"
EndProject
Project("{9A19103F-16F7-4668-BE54-9A1E7A4F7556}") = "MicroRabbit.Banking.Application", "MicroRabbit.Banking.Application\MicroRabbit.Banking.Application.csproj", "{AD670C5F-6FB0-4448-8B08-1C560FA6FDD7}"
EndProject
Project("{9A19103F-16F7-4668-BE54-9A1E7A4F7556}") = "MicroRabbit.Banking.Domain", "MicroRabbit.Banking.Domain\MicroRabbit.Banking.Domain.csproj", "{323C1B13-D62E-40FD-A9FB-664CBF991A8F}"
EndProject
Project("{9A19103F-16F7-4668-BE54-9A1E7A4F7556}") = "MicroRabbit.Banking.Data", "MicroRabbit.Banking.Data\MicroRabbit.Banking.Data.csproj", "{C52D7B17-57D8-4C22-BE59-A7EA0BB444A1}"
EndProject
Project("{2150E333-8FDC-42A3-9474-1A3956D46DE8}") = "Transfer", "Transfer", "{B0ADA860-CE0D-4128-B334-410593072DC6}"
EndProject
Project("{2150E333-8FDC-42A3-9474-1A3956D46DE8}") = "API", "API", "{8583AF1F-C6AC-49F0-91B4-D25FF0D81DE0}"
EndProject
Project("{2150E333-8FDC-42A3-9474-1A3956D46DE8}") = "Application", "Application", "{7733FF7F-753C-4020-97E0-E81007560B73}"
EndProject
Project("{2150E333-8FDC-42A3-9474-1A3956D46DE8}") = "Data", "Data", "{10C5DC56-84D4-413E-AFFF-1B6675CD9FB4}"
EndProject
Project("{2150E333-8FDC-42A3-9474-1A3956D46DE8}") = "Domain", "Domain", "{2E0F92EF-208C-404A-8659-7E7EF8A7EEE9}"
EndProject
Project("{9A19103F-16F7-4668-BE54-9A1E7A4F7556}") = "MicroRabbit.Transfer.Api", "MicroRabbit.Transfer.Api\MicroRabbit.Transfer.Api.csproj", "{DE6813AE-1D39-4754-8B94-35C086F33F3F}"
EndProject
Project("{9A19103F-16F7-4668-BE54-9A1E7A4F7556}") = "MicroRabbit.Transfer.Application", "MicroRabbit.Transfer.Application\MicroRabbit.Transfer.Application.csproj", "{3EB8F432-C1A2-4DBA-B2C0-89260FE61A37}"
EndProject
Project("{9A19103F-16F7-4668-BE54-9A1E7A4F7556}") = "MicroRabbit.Transfer.Data", "MicroRabbit.Transfer.Data\MicroRabbit.Transfer.Data.csproj", "{1E0047C4-525E-49A6-A41E-B7C8BF05C262}"
EndProject
Project("{9A19103F-16F7-4668-BE54-9A1E7A4F7556}") = "MicroRabbit.Transfer.Domain", "MicroRabbit.Transfer.Domain\MicroRabbit.Transfer.Domain.csproj", "{7431B9DB-2F5E-439B-8EDA-14E7093F6FC7}"
EndProject
Project("{9A19103F-16F7-4668-BE54-9A1E7A4F7556}") = "MicroRabbit.MVC", "MicroRabbit.MVC\MicroRabbit.MVC.csproj", "{CFB184EF-828C-45F6-8043-22B156F9403E}"
EndProject
Global
	GlobalSection(SolutionConfigurationPlatforms) = preSolution
		Debug|Any CPU = Debug|Any CPU
		Release|Any CPU = Release|Any CPU
	EndGlobalSection
	GlobalSection(ProjectConfigurationPlatforms) = postSolution
		{3CF2DDBB-947B-4FDD-A0C2-48F5D6A4FBFB}.Debug|Any CPU.ActiveCfg = Debug|Any CPU
		{3CF2DDBB-947B-4FDD-A0C2-48F5D6A4FBFB}.Debug|Any CPU.Build.0 = Debug|Any CPU
		{3CF2DDBB-947B-4FDD-A0C2-48F5D6A4FBFB}.Release|Any CPU.ActiveCfg = Release|Any CPU
		{3CF2DDBB-947B-4FDD-A0C2-48F5D6A4FBFB}.Release|Any CPU.Build.0 = Release|Any CPU
		{85B45F81-2D3F-4F0B-A46D-96CC1260C446}.Debug|Any CPU.ActiveCfg = Debug|Any CPU
		{85B45F81-2D3F-4F0B-A46D-96CC1260C446}.Debug|Any CPU.Build.0 = Debug|Any CPU
		{85B45F81-2D3F-4F0B-A46D-96CC1260C446}.Release|Any CPU.ActiveCfg = Release|Any CPU
		{85B45F81-2D3F-4F0B-A46D-96CC1260C446}.Release|Any CPU.Build.0 = Release|Any CPU
		{AD670C5F-6FB0-4448-8B08-1C560FA6FDD7}.Debug|Any CPU.ActiveCfg = Debug|Any CPU
		{AD670C5F-6FB0-4448-8B08-1C560FA6FDD7}.Debug|Any CPU.Build.0 = Debug|Any CPU
		{AD670C5F-6FB0-4448-8B08-1C560FA6FDD7}.Release|Any CPU.ActiveCfg = Release|Any CPU
		{AD670C5F-6FB0-4448-8B08-1C560FA6FDD7}.Release|Any CPU.Build.0 = Release|Any CPU
		{323C1B13-D62E-40FD-A9FB-664CBF991A8F}.Debug|Any CPU.ActiveCfg = Debug|Any CPU
		{323C1B13-D62E-40FD-A9FB-664CBF991A8F}.Debug|Any CPU.Build.0 = Debug|Any CPU
		{323C1B13-D62E-40FD-A9FB-664CBF991A8F}.Release|Any CPU.ActiveCfg = Release|Any CPU
		{323C1B13-D62E-40FD-A9FB-664CBF991A8F}.Release|Any CPU.Build.0 = Release|Any CPU
		{C52D7B17-57D8-4C22-BE59-A7EA0BB444A1}.Debug|Any CPU.ActiveCfg = Debug|Any CPU
		{C52D7B17-57D8-4C22-BE59-A7EA0BB444A1}.Debug|Any CPU.Build.0 = Debug|Any CPU
		{C52D7B17-57D8-4C22-BE59-A7EA0BB444A1}.Release|Any CPU.ActiveCfg = Release|Any CPU
		{C52D7B17-57D8-4C22-BE59-A7EA0BB444A1}.Release|Any CPU.Build.0 = Release|Any CPU
		{DE6813AE-1D39-4754-8B94-35C086F33F3F}.Debug|Any CPU.ActiveCfg = Debug|Any CPU
		{DE6813AE-1D39-4754-8B94-35C086F33F3F}.Debug|Any CPU.Build.0 = Debug|Any CPU
		{DE6813AE-1D39-4754-8B94-35C086F33F3F}.Release|Any CPU.ActiveCfg = Release|Any CPU
		{DE6813AE-1D39-4754-8B94-35C086F33F3F}.Release|Any CPU.Build.0 = Release|Any CPU
		{3EB8F432-C1A2-4DBA-B2C0-89260FE61A37}.Debug|Any CPU.ActiveCfg = Debug|Any CPU
		{3EB8F432-C1A2-4DBA-B2C0-89260FE61A37}.Debug|Any CPU.Build.0 = Debug|Any CPU
		{3EB8F432-C1A2-4DBA-B2C0-89260FE61A37}.Release|Any CPU.ActiveCfg = Release|Any CPU
		{3EB8F432-C1A2-4DBA-B2C0-89260FE61A37}.Release|Any CPU.Build.0 = Release|Any CPU
		{1E0047C4-525E-49A6-A41E-B7C8BF05C262}.Debug|Any CPU.ActiveCfg = Debug|Any CPU
		{1E0047C4-525E-49A6-A41E-B7C8BF05C262}.Debug|Any CPU.Build.0 = Debug|Any CPU
		{1E0047C4-525E-49A6-A41E-B7C8BF05C262}.Release|Any CPU.ActiveCfg = Release|Any CPU
		{1E0047C4-525E-49A6-A41E-B7C8BF05C262}.Release|Any CPU.Build.0 = Release|Any CPU
		{7431B9DB-2F5E-439B-8EDA-14E7093F6FC7}.Debug|Any CPU.ActiveCfg = Debug|Any CPU
		{7431B9DB-2F5E-439B-8EDA-14E7093F6FC7}.Debug|Any CPU.Build.0 = Debug|Any CPU
		{7431B9DB-2F5E-439B-8EDA-14E7093F6FC7}.Release|Any CPU.ActiveCfg = Release|Any CPU
		{7431B9DB-2F5E-439B-8EDA-14E7093F6FC7}.Release|Any CPU.Build.0 = Release|Any CPU
		{CFB184EF-828C-45F6-8043-22B156F9403E}.Debug|Any CPU.ActiveCfg = Debug|Any CPU
		{CFB184EF-828C-45F6-8043-22B156F9403E}.Debug|Any CPU.Build.0 = Debug|Any CPU
		{CFB184EF-828C-45F6-8043-22B156F9403E}.Release|Any CPU.ActiveCfg = Release|Any CPU
		{CFB184EF-828C-45F6-8043-22B156F9403E}.Release|Any CPU.Build.0 = Release|Any CPU
	EndGlobalSection
	GlobalSection(SolutionProperties) = preSolution
		HideSolutionNode = FALSE
	EndGlobalSection
	GlobalSection(NestedProjects) = preSolution
		{3CF2DDBB-947B-4FDD-A0C2-48F5D6A4FBFB} = {D595509E-CFF5-4FFF-869B-5FA3FE763C6D}
		{4708597B-27C3-4064-AB06-86E12A330422} = {68ECF151-D941-4F5C-9968-A8BCA7234C97}
		{ED795CA1-C0A4-481F-98AA-9ADD646E801D} = {4708597B-27C3-4064-AB06-86E12A330422}
		{E996474A-6B51-4A55-9DCC-5C14DC96E890} = {4708597B-27C3-4064-AB06-86E12A330422}
		{F3E4507A-C7ED-4ECE-95A2-5DDD250A80B1} = {4708597B-27C3-4064-AB06-86E12A330422}
		{F7E78DF8-F2A9-45EE-8672-F129D9183CEF} = {4708597B-27C3-4064-AB06-86E12A330422}
		{85B45F81-2D3F-4F0B-A46D-96CC1260C446} = {ED795CA1-C0A4-481F-98AA-9ADD646E801D}
		{AD670C5F-6FB0-4448-8B08-1C560FA6FDD7} = {F3E4507A-C7ED-4ECE-95A2-5DDD250A80B1}
		{323C1B13-D62E-40FD-A9FB-664CBF991A8F} = {E996474A-6B51-4A55-9DCC-5C14DC96E890}
		{C52D7B17-57D8-4C22-BE59-A7EA0BB444A1} = {F7E78DF8-F2A9-45EE-8672-F129D9183CEF}
		{B0ADA860-CE0D-4128-B334-410593072DC6} = {68ECF151-D941-4F5C-9968-A8BCA7234C97}
		{8583AF1F-C6AC-49F0-91B4-D25FF0D81DE0} = {B0ADA860-CE0D-4128-B334-410593072DC6}
		{7733FF7F-753C-4020-97E0-E81007560B73} = {B0ADA860-CE0D-4128-B334-410593072DC6}
		{10C5DC56-84D4-413E-AFFF-1B6675CD9FB4} = {B0ADA860-CE0D-4128-B334-410593072DC6}
		{2E0F92EF-208C-404A-8659-7E7EF8A7EEE9} = {B0ADA860-CE0D-4128-B334-410593072DC6}
		{DE6813AE-1D39-4754-8B94-35C086F33F3F} = {8583AF1F-C6AC-49F0-91B4-D25FF0D81DE0}
		{3EB8F432-C1A2-4DBA-B2C0-89260FE61A37} = {7733FF7F-753C-4020-97E0-E81007560B73}
		{1E0047C4-525E-49A6-A41E-B7C8BF05C262} = {10C5DC56-84D4-413E-AFFF-1B6675CD9FB4}
		{7431B9DB-2F5E-439B-8EDA-14E7093F6FC7} = {2E0F92EF-208C-404A-8659-7E7EF8A7EEE9}
		{CFB184EF-828C-45F6-8043-22B156F9403E} = {8CC3EB68-0564-427F-80CD-3C135A0CA815}
	EndGlobalSection
	GlobalSection(ExtensibilityGlobals) = postSolution
		SolutionGuid = {E09C72B5-9E08-4BE9-BDB1-E1D844FCD392}
	EndGlobalSection
EndGlobal
